[[package]]
name = "autocfg"
version = "0.1.1"
source = "registry+https://github.com/rust-lang/crates.io-index"

[[package]]
name = "backtrace"
version = "0.3.13"
source = "registry+https://github.com/rust-lang/crates.io-index"
dependencies = [
 "autocfg 0.1.1 (registry+https://github.com/rust-lang/crates.io-index)",
 "backtrace-sys 0.1.28 (registry+https://github.com/rust-lang/crates.io-index)",
 "cfg-if 0.1.6 (registry+https://github.com/rust-lang/crates.io-index)",
 "libc 0.2.46 (registry+https://github.com/rust-lang/crates.io-index)",
 "rustc-demangle 0.1.13 (registry+https://github.com/rust-lang/crates.io-index)",
 "winapi 0.3.6 (registry+https://github.com/rust-lang/crates.io-index)",
]

[[package]]
name = "backtrace-sys"
version = "0.1.28"
source = "registry+https://github.com/rust-lang/crates.io-index"
dependencies = [
 "cc 1.0.28 (registry+https://github.com/rust-lang/crates.io-index)",
 "libc 0.2.46 (registry+https://github.com/rust-lang/crates.io-index)",
]

[[package]]
name = "breeze"
version = "0.1.0"
dependencies = [
 "common_failures 0.1.1 (registry+https://github.com/rust-lang/crates.io-index)",
 "default 0.1.2 (registry+https://github.com/rust-lang/crates.io-index)",
 "failure 0.1.5 (registry+https://github.com/rust-lang/crates.io-index)",
 "ropey 1.0.0 (registry+https://github.com/rust-lang/crates.io-index)",
 "termion 1.5.1 (registry+https://github.com/rust-lang/crates.io-index)",
]

[[package]]
name = "cc"
version = "1.0.28"
source = "registry+https://github.com/rust-lang/crates.io-index"

[[package]]
name = "cfg-if"
version = "0.1.6"
source = "registry+https://github.com/rust-lang/crates.io-index"

[[package]]
name = "common_failures"
version = "0.1.1"
source = "registry+https://github.com/rust-lang/crates.io-index"
dependencies = [
 "failure 0.1.5 (registry+https://github.com/rust-lang/crates.io-index)",
]

[[package]]
name = "default"
version = "0.1.2"
source = "registry+https://github.com/rust-lang/crates.io-index"

[[package]]
name = "failure"
version = "0.1.5"
source = "registry+https://github.com/rust-lang/crates.io-index"
dependencies = [
 "backtrace 0.3.13 (registry+https://github.com/rust-lang/crates.io-index)",
 "failure_derive 0.1.5 (registry+https://github.com/rust-lang/crates.io-index)",
]

[[package]]
name = "failure_derive"
version = "0.1.5"
source = "registry+https://github.com/rust-lang/crates.io-index"
dependencies = [
 "proc-macro2 0.4.24 (registry+https://github.com/rust-lang/crates.io-index)",
 "quote 0.6.10 (registry+https://github.com/rust-lang/crates.io-index)",
 "syn 0.15.24 (registry+https://github.com/rust-lang/crates.io-index)",
 "synstructure 0.10.1 (registry+https://github.com/rust-lang/crates.io-index)",
]

[[package]]
name = "libc"
version = "0.2.46"
source = "registry+https://github.com/rust-lang/crates.io-index"

[[package]]
name = "proc-macro2"
version = "0.4.24"
source = "registry+https://github.com/rust-lang/crates.io-index"
dependencies = [
 "unicode-xid 0.1.0 (registry+https://github.com/rust-lang/crates.io-index)",
]

[[package]]
name = "quote"
version = "0.6.10"
source = "registry+https://github.com/rust-lang/crates.io-index"
dependencies = [
 "proc-macro2 0.4.24 (registry+https://github.com/rust-lang/crates.io-index)",
]

[[package]]
name = "redox_syscall"
version = "0.1.50"
source = "registry+https://github.com/rust-lang/crates.io-index"

[[package]]
name = "redox_termios"
version = "0.1.1"
source = "registry+https://github.com/rust-lang/crates.io-index"
dependencies = [
 "redox_syscall 0.1.50 (registry+https://github.com/rust-lang/crates.io-index)",
]

[[package]]
name = "ropey"
version = "1.0.0"
source = "registry+https://github.com/rust-lang/crates.io-index"
dependencies = [
 "smallvec 0.6.7 (registry+https://github.com/rust-lang/crates.io-index)",
]

[[package]]
name = "rustc-demangle"
version = "0.1.13"
source = "registry+https://github.com/rust-lang/crates.io-index"

[[package]]
name = "smallvec"
version = "0.6.7"
source = "registry+https://github.com/rust-lang/crates.io-index"
dependencies = [
 "unreachable 1.0.0 (registry+https://github.com/rust-lang/crates.io-index)",
]

[[package]]
name = "syn"
version = "0.15.24"
source = "registry+https://github.com/rust-lang/crates.io-index"
dependencies = [
 "proc-macro2 0.4.24 (registry+https://github.com/rust-lang/crates.io-index)",
 "quote 0.6.10 (registry+https://github.com/rust-lang/crates.io-index)",
 "unicode-xid 0.1.0 (registry+https://github.com/rust-lang/crates.io-index)",
]

[[package]]
name = "synstructure"
version = "0.10.1"
source = "registry+https://github.com/rust-lang/crates.io-index"
dependencies = [
 "proc-macro2 0.4.24 (registry+https://github.com/rust-lang/crates.io-index)",
 "quote 0.6.10 (registry+https://github.com/rust-lang/crates.io-index)",
 "syn 0.15.24 (registry+https://github.com/rust-lang/crates.io-index)",
 "unicode-xid 0.1.0 (registry+https://github.com/rust-lang/crates.io-index)",
]

[[package]]
name = "termion"
version = "1.5.1"
source = "registry+https://github.com/rust-lang/crates.io-index"
dependencies = [
 "libc 0.2.46 (registry+https://github.com/rust-lang/crates.io-index)",
 "redox_syscall 0.1.50 (registry+https://github.com/rust-lang/crates.io-index)",
 "redox_termios 0.1.1 (registry+https://github.com/rust-lang/crates.io-index)",
]

[[package]]
name = "unicode-xid"
version = "0.1.0"
source = "registry+https://github.com/rust-lang/crates.io-index"

[[package]]
name = "unreachable"
version = "1.0.0"
source = "registry+https://github.com/rust-lang/crates.io-index"
dependencies = [
 "void 1.0.2 (registry+https://github.com/rust-lang/crates.io-index)",
]

[[package]]
name = "void"
version = "1.0.2"
source = "registry+https://github.com/rust-lang/crates.io-index"

[[package]]
name = "winapi"
version = "0.3.6"
source = "registry+https://github.com/rust-lang/crates.io-index"
dependencies = [
 "winapi-i686-pc-windows-gnu 0.4.0 (registry+https://github.com/rust-lang/crates.io-index)",
 "winapi-x86_64-pc-windows-gnu 0.4.0 (registry+https://github.com/rust-lang/crates.io-index)",
]

[[package]]
name = "winapi-i686-pc-windows-gnu"
version = "0.4.0"
source = "registry+https://github.com/rust-lang/crates.io-index"

[[package]]
name = "winapi-x86_64-pc-windows-gnu"
version = "0.4.0"
source = "registry+https://github.com/rust-lang/crates.io-index"

[metadata]
"checksum autocfg 0.1.1 (registry+https://github.com/rust-lang/crates.io-index)" = "4e5f34df7a019573fb8bdc7e24a2bfebe51a2a1d6bfdbaeccedb3c41fc574727"
"checksum backtrace 0.3.13 (registry+https://github.com/rust-lang/crates.io-index)" = "b5b493b66e03090ebc4343eb02f94ff944e0cbc9ac6571491d170ba026741eb5"
"checksum backtrace-sys 0.1.28 (registry+https://github.com/rust-lang/crates.io-index)" = "797c830ac25ccc92a7f8a7b9862bde440715531514594a6154e3d4a54dd769b6"
"checksum cc 1.0.28 (registry+https://github.com/rust-lang/crates.io-index)" = "bb4a8b715cb4597106ea87c7c84b2f1d452c7492033765df7f32651e66fcf749"
"checksum cfg-if 0.1.6 (registry+https://github.com/rust-lang/crates.io-index)" = "082bb9b28e00d3c9d39cc03e64ce4cea0f1bb9b3fde493f0cbc008472d22bdf4"
"checksum common_failures 0.1.1 (registry+https://github.com/rust-lang/crates.io-index)" = "c84afb517ac0988b7e049e06c51511716f80d0f0233972fca666d3f14f80d8fb"
"checksum default 0.1.2 (registry+https://github.com/rust-lang/crates.io-index)" = "f33853de3c94db27f825215641be74ddce259f5aec7aefae9c760ee1bb3dbaa7"
"checksum failure 0.1.5 (registry+https://github.com/rust-lang/crates.io-index)" = "795bd83d3abeb9220f257e597aa0080a508b27533824adf336529648f6abf7e2"
"checksum failure_derive 0.1.5 (registry+https://github.com/rust-lang/crates.io-index)" = "ea1063915fd7ef4309e222a5a07cf9c319fb9c7836b1f89b85458672dbb127e1"
"checksum libc 0.2.46 (registry+https://github.com/rust-lang/crates.io-index)" = "023a4cd09b2ff695f9734c1934145a315594b7986398496841c7031a5a1bbdbd"
"checksum proc-macro2 0.4.24 (registry+https://github.com/rust-lang/crates.io-index)" = "77619697826f31a02ae974457af0b29b723e5619e113e9397b8b82c6bd253f09"
"checksum quote 0.6.10 (registry+https://github.com/rust-lang/crates.io-index)" = "53fa22a1994bd0f9372d7a816207d8a2677ad0325b073f5c5332760f0fb62b5c"
"checksum redox_syscall 0.1.50 (registry+https://github.com/rust-lang/crates.io-index)" = "52ee9a534dc1301776eff45b4fa92d2c39b1d8c3d3357e6eb593e0d795506fc2"
"checksum redox_termios 0.1.1 (registry+https://github.com/rust-lang/crates.io-index)" = "7e891cfe48e9100a70a3b6eb652fef28920c117d366339687bd5576160db0f76"
"checksum ropey 1.0.0 (registry+https://github.com/rust-lang/crates.io-index)" = "d127025d5accb731322575dfeab3cfcb01f15c4776f3fb0b5da157f91b100e83"
"checksum rustc-demangle 0.1.13 (registry+https://github.com/rust-lang/crates.io-index)" = "adacaae16d02b6ec37fdc7acfcddf365978de76d1983d3ee22afc260e1ca9619"
"checksum smallvec 0.6.7 (registry+https://github.com/rust-lang/crates.io-index)" = "b73ea3738b47563803ef814925e69be00799a8c07420be8b996f8e98fb2336db"
"checksum syn 0.15.24 (registry+https://github.com/rust-lang/crates.io-index)" = "734ecc29cd36e8123850d9bf21dfd62ef8300aaa8f879aabaa899721808be37c"
"checksum synstructure 0.10.1 (registry+https://github.com/rust-lang/crates.io-index)" = "73687139bf99285483c96ac0add482c3776528beac1d97d444f6e91f203a2015"
"checksum termion 1.5.1 (registry+https://github.com/rust-lang/crates.io-index)" = "689a3bdfaab439fd92bc87df5c4c78417d3cbe537487274e9b0b2dce76e92096"
"checksum unicode-xid 0.1.0 (registry+https://github.com/rust-lang/crates.io-index)" = "fc72304796d0818e357ead4e000d19c9c174ab23dc11093ac919054d20a6a7fc"
"checksum unreachable 1.0.0 (registry+https://github.com/rust-lang/crates.io-index)" = "382810877fe448991dfc7f0dd6e3ae5d58088fd0ea5e35189655f84e6814fa56"
"checksum void 1.0.2 (registry+https://github.com/rust-lang/crates.io-index)" = "6a02e4885ed3bc0f2de90ea6dd45ebcbb66dacffe03547fadbb0eeae2770887d"
"checksum winapi 0.3.6 (registry+https://github.com/rust-lang/crates.io-index)" = "92c1eb33641e276cfa214a0522acad57be5c56b10cb348b3c5117db75f3ac4b0"
"checksum winapi-i686-pc-windows-gnu 0.4.0 (registry+https://github.com/rust-lang/crates.io-index)" = "ac3b87c63620426dd9b991e5ce0329eff545bccbbb34f3be09ff6fb6ab51b7b6"
"checksum winapi-x86_64-pc-windows-gnu 0.4.0 (registry+https://github.com/rust-lang/crates.io-index)" = "712e227841d057c1ee1cd2fb22fa7e5a5461ae8e48fa2ca79ec42cfc1931183f"
